
Microsoft Visual Studio Solution File, Format Version 12.00
# Visual Studio Version 17
VisualStudioVersion = 17.3.32825.248
MinimumVisualStudioVersion = 10.0.40219.1
Project("{2150E333-8FDC-42A3-9474-1A3956D46DE8}") = "Getting Started", "Getting Started", "{3F87E469-DB37-4008-B2B6-5DB04DCBBFEF}"
EndProject
Project("{778DAE3C-4631-46EA-AA77-85C1314464D9}") = "GettingStarted", "Getting Started\GettingStarted.vbproj", "{E34DD221-B093-4D13-94AB-041925917FD9}"
EndProject
Project("{2150E333-8FDC-42A3-9474-1A3956D46DE8}") = "Common Uses", "Common Uses", "{A727258F-2824-4299-A423-D49B94267705}"
EndProject
Project("{778DAE3C-4631-46EA-AA77-85C1314464D9}") = "Writing", "Common Uses\Writing\Writing.vbproj", "{0D94A3E0-C6E1-4664-A52A-BDE5EFF06FA8}"
EndProject
Project("{2150E333-8FDC-42A3-9474-1A3956D46DE8}") = "Platforms", "Platforms", "{B58668DC-064A-4F13-AA12-7CF2346FA9FE}"
EndProject
Project("{778DAE3C-4631-46EA-AA77-85C1314464D9}") = "Linux_macOS", "Platforms\Linux_macOS\Linux_macOS.vbproj", "{DE50E611-D702-425E-99B0-9F90429DF2C5}"
EndProject
Project("{778DAE3C-4631-46EA-AA77-85C1314464D9}") = "Reading", "Common Uses\Reading\Reading.vbproj", "{5C4B2468-8235-4C31-89D2-825124BED7C7}"
EndProject
Project("{2150E333-8FDC-42A3-9474-1A3956D46DE8}") = "Transformation", "Transformation", "{648EC017-48C4-4AF2-8113-1F259B70369F}"
EndProject
Project("{778DAE3C-4631-46EA-AA77-85C1314464D9}") = "Cropping", "Transformation\Cropping\Cropping.vbproj", "{C88C6C08-0289-4CA9-86AA-4D353476ED49}"
EndProject
Project("{778DAE3C-4631-46EA-AA77-85C1314464D9}") = "Resizing", "Transformation\Resizing\Resizing.vbproj", "{96921AF0-94DD-4A4F-8802-5FA98262E103}"
EndProject
Project("{778DAE3C-4631-46EA-AA77-85C1314464D9}") = "RotatingFlipping", "Transformation\RotatingFlipping\RotatingFlipping.vbproj", "{BBC52F97-0848-436F-800F-E9BA90975123}"
EndProject
Project("{778DAE3C-4631-46EA-AA77-85C1314464D9}") = "ImagingDocker", "Platforms\Docker\ImagingDocker.vbproj", "{C6F804EE-FCA6-45B5-A70F-B860251A009A}"
EndProject
Global
	GlobalSection(SolutionConfigurationPlatforms) = preSolution
		Debug|Any CPU = Debug|Any CPU
		Debug|iPhone = Debug|iPhone
		Debug|iPhoneSimulator = Debug|iPhoneSimulator
		Release|Any CPU = Release|Any CPU
		Release|iPhone = Release|iPhone
		Release|iPhoneSimulator = Release|iPhoneSimulator
	EndGlobalSection
	GlobalSection(ProjectConfigurationPlatforms) = postSolution
		{E34DD221-B093-4D13-94AB-041925917FD9}.Debug|Any CPU.ActiveCfg = Debug|Any CPU
		{E34DD221-B093-4D13-94AB-041925917FD9}.Debug|Any CPU.Build.0 = Debug|Any CPU
		{E34DD221-B093-4D13-94AB-041925917FD9}.Debug|iPhone.ActiveCfg = Debug|Any CPU
		{E34DD221-B093-4D13-94AB-041925917FD9}.Debug|iPhone.Build.0 = Debug|Any CPU
		{E34DD221-B093-4D13-94AB-041925917FD9}.Debug|iPhoneSimulator.ActiveCfg = Debug|Any CPU
		{E34DD221-B093-4D13-94AB-041925917FD9}.Debug|iPhoneSimulator.Build.0 = Debug|Any CPU
		{E34DD221-B093-4D13-94AB-041925917FD9}.Release|Any CPU.ActiveCfg = Release|Any CPU
		{E34DD221-B093-4D13-94AB-041925917FD9}.Release|Any CPU.Build.0 = Release|Any CPU
		{E34DD221-B093-4D13-94AB-041925917FD9}.Release|iPhone.ActiveCfg = Release|Any CPU
		{E34DD221-B093-4D13-94AB-041925917FD9}.Release|iPhone.Build.0 = Release|Any CPU
		{E34DD221-B093-4D13-94AB-041925917FD9}.Release|iPhoneSimulator.ActiveCfg = Release|Any CPU
		{E34DD221-B093-4D13-94AB-041925917FD9}.Release|iPhoneSimulator.Build.0 = Release|Any CPU
		{0D94A3E0-C6E1-4664-A52A-BDE5EFF06FA8}.Debug|Any CPU.ActiveCfg = Debug|Any CPU
		{0D94A3E0-C6E1-4664-A52A-BDE5EFF06FA8}.Debug|Any CPU.Build.0 = Debug|Any CPU
		{0D94A3E0-C6E1-4664-A52A-BDE5EFF06FA8}.Debug|iPhone.ActiveCfg = Debug|Any CPU
		{0D94A3E0-C6E1-4664-A52A-BDE5EFF06FA8}.Debug|iPhone.Build.0 = Debug|Any CPU
		{0D94A3E0-C6E1-4664-A52A-BDE5EFF06FA8}.Debug|iPhoneSimulator.ActiveCfg = Debug|Any CPU
		{0D94A3E0-C6E1-4664-A52A-BDE5EFF06FA8}.Debug|iPhoneSimulator.Build.0 = Debug|Any CPU
		{0D94A3E0-C6E1-4664-A52A-BDE5EFF06FA8}.Release|Any CPU.ActiveCfg = Release|Any CPU
		{0D94A3E0-C6E1-4664-A52A-BDE5EFF06FA8}.Release|Any CPU.Build.0 = Release|Any CPU
		{0D94A3E0-C6E1-4664-A52A-BDE5EFF06FA8}.Release|iPhone.ActiveCfg = Release|Any CPU
		{0D94A3E0-C6E1-4664-A52A-BDE5EFF06FA8}.Release|iPhone.Build.0 = Release|Any CPU
		{0D94A3E0-C6E1-4664-A52A-BDE5EFF06FA8}.Release|iPhoneSimulator.ActiveCfg = Release|Any CPU
		{0D94A3E0-C6E1-4664-A52A-BDE5EFF06FA8}.Release|iPhoneSimulator.Build.0 = Release|Any CPU
		{DE50E611-D702-425E-99B0-9F90429DF2C5}.Debug|Any CPU.ActiveCfg = Debug|Any CPU
		{DE50E611-D702-425E-99B0-9F90429DF2C5}.Debug|Any CPU.Build.0 = Debug|Any CPU
		{DE50E611-D702-425E-99B0-9F90429DF2C5}.Debug|iPhone.ActiveCfg = Debug|Any CPU
		{DE50E611-D702-425E-99B0-9F90429DF2C5}.Debug|iPhone.Build.0 = Debug|Any CPU
		{DE50E611-D702-425E-99B0-9F90429DF2C5}.Debug|iPhoneSimulator.ActiveCfg = Debug|Any CPU
		{DE50E611-D702-425E-99B0-9F90429DF2C5}.Debug|iPhoneSimulator.Build.0 = Debug|Any CPU
		{DE50E611-D702-425E-99B0-9F90429DF2C5}.Release|Any CPU.ActiveCfg = Release|Any CPU
		{DE50E611-D702-425E-99B0-9F90429DF2C5}.Release|Any CPU.Build.0 = Release|Any CPU
		{DE50E611-D702-425E-99B0-9F90429DF2C5}.Release|iPhone.ActiveCfg = Release|Any CPU
		{DE50E611-D702-425E-99B0-9F90429DF2C5}.Release|iPhone.Build.0 = Release|Any CPU
		{DE50E611-D702-425E-99B0-9F90429DF2C5}.Release|iPhoneSimulator.ActiveCfg = Release|Any CPU
		{DE50E611-D702-425E-99B0-9F90429DF2C5}.Release|iPhoneSimulator.Build.0 = Release|Any CPU
		{5C4B2468-8235-4C31-89D2-825124BED7C7}.Debug|Any CPU.ActiveCfg = Debug|Any CPU
		{5C4B2468-8235-4C31-89D2-825124BED7C7}.Debug|Any CPU.Build.0 = Debug|Any CPU
		{5C4B2468-8235-4C31-89D2-825124BED7C7}.Debug|iPhone.ActiveCfg = Debug|Any CPU
		{5C4B2468-8235-4C31-89D2-825124BED7C7}.Debug|iPhone.Build.0 = Debug|Any CPU
		{5C4B2468-8235-4C31-89D2-825124BED7C7}.Debug|iPhoneSimulator.ActiveCfg = Debug|Any CPU
		{5C4B2468-8235-4C31-89D2-825124BED7C7}.Debug|iPhoneSimulator.Build.0 = Debug|Any CPU
		{5C4B2468-8235-4C31-89D2-825124BED7C7}.Release|Any CPU.ActiveCfg = Release|Any CPU
		{5C4B2468-8235-4C31-89D2-825124BED7C7}.Release|Any CPU.Build.0 = Release|Any CPU
		{5C4B2468-8235-4C31-89D2-825124BED7C7}.Release|iPhone.ActiveCfg = Release|Any CPU
		{5C4B2468-8235-4C31-89D2-825124BED7C7}.Release|iPhone.Build.0 = Release|Any CPU
		{5C4B2468-8235-4C31-89D2-825124BED7C7}.Release|iPhoneSimulator.ActiveCfg = Release|Any CPU
		{5C4B2468-8235-4C31-89D2-825124BED7C7}.Release|iPhoneSimulator.Build.0 = Release|Any CPU
		{C88C6C08-0289-4CA9-86AA-4D353476ED49}.Debug|Any CPU.ActiveCfg = Debug|Any CPU
		{C88C6C08-0289-4CA9-86AA-4D353476ED49}.Debug|Any CPU.Build.0 = Debug|Any CPU
		{C88C6C08-0289-4CA9-86AA-4D353476ED49}.Debug|iPhone.ActiveCfg = Debug|Any CPU
		{C88C6C08-0289-4CA9-86AA-4D353476ED49}.Debug|iPhone.Build.0 = Debug|Any CPU
		{C88C6C08-0289-4CA9-86AA-4D353476ED49}.Debug|iPhoneSimulator.ActiveCfg = Debug|Any CPU
		{C88C6C08-0289-4CA9-86AA-4D353476ED49}.Debug|iPhoneSimulator.Build.0 = Debug|Any CPU
		{C88C6C08-0289-4CA9-86AA-4D353476ED49}.Release|Any CPU.ActiveCfg = Release|Any CPU
		{C88C6C08-0289-4CA9-86AA-4D353476ED49}.Release|Any CPU.Build.0 = Release|Any CPU
		{C88C6C08-0289-4CA9-86AA-4D353476ED49}.Release|iPhone.ActiveCfg = Release|Any CPU
		{C88C6C08-0289-4CA9-86AA-4D353476ED49}.Release|iPhone.Build.0 = Release|Any CPU
		{C88C6C08-0289-4CA9-86AA-4D353476ED49}.Release|iPhoneSimulator.ActiveCfg = Release|Any CPU
		{C88C6C08-0289-4CA9-86AA-4D353476ED49}.Release|iPhoneSimulator.Build.0 = Release|Any CPU
		{96921AF0-94DD-4A4F-8802-5FA98262E103}.Debug|Any CPU.ActiveCfg = Debug|Any CPU
		{96921AF0-94DD-4A4F-8802-5FA98262E103}.Debug|Any CPU.Build.0 = Debug|Any CPU
		{96921AF0-94DD-4A4F-8802-5FA98262E103}.Debug|iPhone.ActiveCfg = Debug|Any CPU
		{96921AF0-94DD-4A4F-8802-5FA98262E103}.Debug|iPhone.Build.0 = Debug|Any CPU
		{96921AF0-94DD-4A4F-8802-5FA98262E103}.Debug|iPhoneSimulator.ActiveCfg = Debug|Any CPU
		{96921AF0-94DD-4A4F-8802-5FA98262E103}.Debug|iPhoneSimulator.Build.0 = Debug|Any CPU
		{96921AF0-94DD-4A4F-8802-5FA98262E103}.Release|Any CPU.ActiveCfg = Release|Any CPU
		{96921AF0-94DD-4A4F-8802-5FA98262E103}.Release|Any CPU.Build.0 = Release|Any CPU
		{96921AF0-94DD-4A4F-8802-5FA98262E103}.Release|iPhone.ActiveCfg = Release|Any CPU
		{96921AF0-94DD-4A4F-8802-5FA98262E103}.Release|iPhone.Build.0 = Release|Any CPU
		{96921AF0-94DD-4A4F-8802-5FA98262E103}.Release|iPhoneSimulator.ActiveCfg = Release|Any CPU
		{96921AF0-94DD-4A4F-8802-5FA98262E103}.Release|iPhoneSimulator.Build.0 = Release|Any CPU
		{BBC52F97-0848-436F-800F-E9BA90975123}.Debug|Any CPU.ActiveCfg = Debug|Any CPU
		{BBC52F97-0848-436F-800F-E9BA90975123}.Debug|Any CPU.Build.0 = Debug|Any CPU
		{BBC52F97-0848-436F-800F-E9BA90975123}.Debug|iPhone.ActiveCfg = Debug|Any CPU
		{BBC52F97-0848-436F-800F-E9BA90975123}.Debug|iPhone.Build.0 = Debug|Any CPU
		{BBC52F97-0848-436F-800F-E9BA90975123}.Debug|iPhoneSimulator.ActiveCfg = Debug|Any CPU
		{BBC52F97-0848-436F-800F-E9BA90975123}.Debug|iPhoneSimulator.Build.0 = Debug|Any CPU
		{BBC52F97-0848-436F-800F-E9BA90975123}.Release|Any CPU.ActiveCfg = Release|Any CPU
		{BBC52F97-0848-436F-800F-E9BA90975123}.Release|Any CPU.Build.0 = Release|Any CPU
		{BBC52F97-0848-436F-800F-E9BA90975123}.Release|iPhone.ActiveCfg = Release|Any CPU
		{BBC52F97-0848-436F-800F-E9BA90975123}.Release|iPhone.Build.0 = Release|Any CPU
		{BBC52F97-0848-436F-800F-E9BA90975123}.Release|iPhoneSimulator.ActiveCfg = Release|Any CPU
		{BBC52F97-0848-436F-800F-E9BA90975123}.Release|iPhoneSimulator.Build.0 = Release|Any CPU
		{C6F804EE-FCA6-45B5-A70F-B860251A009A}.Debug|Any CPU.ActiveCfg = Debug|Any CPU
		{C6F804EE-FCA6-45B5-A70F-B860251A009A}.Debug|Any CPU.Build.0 = Debug|Any CPU
		{C6F804EE-FCA6-45B5-A70F-B860251A009A}.Debug|iPhone.ActiveCfg = Debug|Any CPU
		{C6F804EE-FCA6-45B5-A70F-B860251A009A}.Debug|iPhone.Build.0 = Debug|Any CPU
		{C6F804EE-FCA6-45B5-A70F-B860251A009A}.Debug|iPhoneSimulator.ActiveCfg = Debug|Any CPU
		{C6F804EE-FCA6-45B5-A70F-B860251A009A}.Debug|iPhoneSimulator.Build.0 = Debug|Any CPU
		{C6F804EE-FCA6-45B5-A70F-B860251A009A}.Release|Any CPU.ActiveCfg = Release|Any CPU
		{C6F804EE-FCA6-45B5-A70F-B860251A009A}.Release|Any CPU.Build.0 = Release|Any CPU
		{C6F804EE-FCA6-45B5-A70F-B860251A009A}.Release|iPhone.ActiveCfg = Release|Any CPU
		{C6F804EE-FCA6-45B5-A70F-B860251A009A}.Release|iPhone.Build.0 = Release|Any CPU
		{C6F804EE-FCA6-45B5-A70F-B860251A009A}.Release|iPhoneSimulator.ActiveCfg = Release|Any CPU
		{C6F804EE-FCA6-45B5-A70F-B860251A009A}.Release|iPhoneSimulator.Build.0 = Release|Any CPU
	EndGlobalSection
	GlobalSection(SolutionProperties) = preSolution
		HideSolutionNode = FALSE
	EndGlobalSection
	GlobalSection(NestedProjects) = preSolution
		{E34DD221-B093-4D13-94AB-041925917FD9} = {3F87E469-DB37-4008-B2B6-5DB04DCBBFEF}
		{0D94A3E0-C6E1-4664-A52A-BDE5EFF06FA8} = {A727258F-2824-4299-A423-D49B94267705}
		{DE50E611-D702-425E-99B0-9F90429DF2C5} = {B58668DC-064A-4F13-AA12-7CF2346FA9FE}
		{5C4B2468-8235-4C31-89D2-825124BED7C7} = {A727258F-2824-4299-A423-D49B94267705}
		{C88C6C08-0289-4CA9-86AA-4D353476ED49} = {648EC017-48C4-4AF2-8113-1F259B70369F}
		{96921AF0-94DD-4A4F-8802-5FA98262E103} = {648EC017-48C4-4AF2-8113-1F259B70369F}
		{BBC52F97-0848-436F-800F-E9BA90975123} = {648EC017-48C4-4AF2-8113-1F259B70369F}
		{C6F804EE-FCA6-45B5-A70F-B860251A009A} = {B58668DC-064A-4F13-AA12-7CF2346FA9FE}
	EndGlobalSection
	GlobalSection(ExtensibilityGlobals) = postSolution
		SolutionGuid = {B77A3C47-0A11-4E2C-A780-DA1AA1200FA2}
	EndGlobalSection
EndGlobal
